// !$*UTF8*$!
{
	archiveVersion = 1;
	classes = {
	};
	objectVersion = 50;
	objects = {

/* Begin PBXBuildFile section */
		47A1D0A1C79C2ED6E2B5D752 /* Pods_ContactsApp.framework in Frameworks */ = {isa = PBXBuildFile; fileRef = 42EC163A75C5102A7CC743DA /* Pods_ContactsApp.framework */; };
		5F3C316322153CB9005CB26A /* ContactDetailsViewController.swift in Sources */ = {isa = PBXBuildFile; fileRef = 5F3C316222153CB8005CB26A /* ContactDetailsViewController.swift */; };
		5F3C31652215474B005CB26A /* AddContactViewController.swift in Sources */ = {isa = PBXBuildFile; fileRef = 5F3C31642215474B005CB26A /* AddContactViewController.swift */; };
		5F3C3167221549A8005CB26A /* GradientView.swift in Sources */ = {isa = PBXBuildFile; fileRef = 5F3C3166221549A8005CB26A /* GradientView.swift */; };
		5F4CB66F221412CF0091C00A /* ContactListViewController.swift in Sources */ = {isa = PBXBuildFile; fileRef = 5F4CB66E221412CF0091C00A /* ContactListViewController.swift */; };
		5F5BF7EE2215622800F44E4A /* ContactDetail.swift in Sources */ = {isa = PBXBuildFile; fileRef = 5F5BF7ED2215622800F44E4A /* ContactDetail.swift */; };
		5F5BF7F02215938600F44E4A /* Constants.swift in Sources */ = {isa = PBXBuildFile; fileRef = 5F5BF7EF2215938600F44E4A /* Constants.swift */; };
		5F5BF7F22215A5A700F44E4A /* ContactListTableViewCell.swift in Sources */ = {isa = PBXBuildFile; fileRef = 5F5BF7F12215A5A700F44E4A /* ContactListTableViewCell.swift */; };
		5F77F0BB2213EE7A00147410 /* AppDelegate.swift in Sources */ = {isa = PBXBuildFile; fileRef = 5F77F0BA2213EE7A00147410 /* AppDelegate.swift */; };
		5F77F0BD2213EE7A00147410 /* ViewController.swift in Sources */ = {isa = PBXBuildFile; fileRef = 5F77F0BC2213EE7A00147410 /* ViewController.swift */; };
		5F77F0C02213EE7A00147410 /* Main.storyboard in Resources */ = {isa = PBXBuildFile; fileRef = 5F77F0BE2213EE7A00147410 /* Main.storyboard */; };
		5F77F0C22213EE9B00147410 /* Assets.xcassets in Resources */ = {isa = PBXBuildFile; fileRef = 5F77F0C12213EE9B00147410 /* Assets.xcassets */; };
		5F77F0C52213EE9B00147410 /* LaunchScreen.storyboard in Resources */ = {isa = PBXBuildFile; fileRef = 5F77F0C32213EE9B00147410 /* LaunchScreen.storyboard */; };
/* End PBXBuildFile section */

/* Begin PBXFileReference section */
		1AB052C582DBAD1EE35680A4 /* Pods-ContactsApp.debug.xcconfig */ = {isa = PBXFileReference; includeInIndex = 1; lastKnownFileType = text.xcconfig; name = "Pods-ContactsApp.debug.xcconfig"; path = "Pods/Target Support Files/Pods-ContactsApp/Pods-ContactsApp.debug.xcconfig"; sourceTree = "<group>"; };
		42EC163A75C5102A7CC743DA /* Pods_ContactsApp.framework */ = {isa = PBXFileReference; explicitFileType = wrapper.framework; includeInIndex = 0; path = Pods_ContactsApp.framework; sourceTree = BUILT_PRODUCTS_DIR; };
		5F3C316222153CB8005CB26A /* ContactDetailsViewController.swift */ = {isa = PBXFileReference; fileEncoding = 4; lastKnownFileType = sourcecode.swift; path = ContactDetailsViewController.swift; sourceTree = "<group>"; };
		5F3C31642215474B005CB26A /* AddContactViewController.swift */ = {isa = PBXFileReference; fileEncoding = 4; lastKnownFileType = sourcecode.swift; path = AddContactViewController.swift; sourceTree = "<group>"; };
		5F3C3166221549A8005CB26A /* GradientView.swift */ = {isa = PBXFileReference; fileEncoding = 4; lastKnownFileType = sourcecode.swift; path = GradientView.swift; sourceTree = "<group>"; };
		5F4CB66E221412CF0091C00A /* ContactListViewController.swift */ = {isa = PBXFileReference; fileEncoding = 4; lastKnownFileType = sourcecode.swift; path = ContactListViewController.swift; sourceTree = "<group>"; };
		5F5BF7ED2215622800F44E4A /* ContactDetail.swift */ = {isa = PBXFileReference; lastKnownFileType = sourcecode.swift; path = ContactDetail.swift; sourceTree = "<group>"; };
		5F5BF7EF2215938600F44E4A /* Constants.swift */ = {isa = PBXFileReference; lastKnownFileType = sourcecode.swift; path = Constants.swift; sourceTree = "<group>"; };
		5F5BF7F12215A5A700F44E4A /* ContactListTableViewCell.swift */ = {isa = PBXFileReference; lastKnownFileType = sourcecode.swift; path = ContactListTableViewCell.swift; sourceTree = "<group>"; };
		5F77F0B72213EE7A00147410 /* ContactsApp.app */ = {isa = PBXFileReference; explicitFileType = wrapper.application; includeInIndex = 0; path = ContactsApp.app; sourceTree = BUILT_PRODUCTS_DIR; };
		5F77F0BA2213EE7A00147410 /* AppDelegate.swift */ = {isa = PBXFileReference; lastKnownFileType = sourcecode.swift; path = AppDelegate.swift; sourceTree = "<group>"; };
		5F77F0BC2213EE7A00147410 /* ViewController.swift */ = {isa = PBXFileReference; lastKnownFileType = sourcecode.swift; path = ViewController.swift; sourceTree = "<group>"; };
		5F77F0BF2213EE7A00147410 /* Base */ = {isa = PBXFileReference; lastKnownFileType = file.storyboard; name = Base; path = Base.lproj/Main.storyboard; sourceTree = "<group>"; };
		5F77F0C12213EE9B00147410 /* Assets.xcassets */ = {isa = PBXFileReference; lastKnownFileType = folder.assetcatalog; path = Assets.xcassets; sourceTree = "<group>"; };
		5F77F0C42213EE9B00147410 /* Base */ = {isa = PBXFileReference; lastKnownFileType = file.storyboard; name = Base; path = Base.lproj/LaunchScreen.storyboard; sourceTree = "<group>"; };
		5F77F0C62213EE9B00147410 /* Info.plist */ = {isa = PBXFileReference; lastKnownFileType = text.plist.xml; path = Info.plist; sourceTree = "<group>"; };
		C95151634AFCD65932A8B103 /* Pods-ContactsApp.release.xcconfig */ = {isa = PBXFileReference; includeInIndex = 1; lastKnownFileType = text.xcconfig; name = "Pods-ContactsApp.release.xcconfig"; path = "Pods/Target Support Files/Pods-ContactsApp/Pods-ContactsApp.release.xcconfig"; sourceTree = "<group>"; };
/* End PBXFileReference section */

/* Begin PBXFrameworksBuildPhase section */
		5F77F0B42213EE7A00147410 /* Frameworks */ = {
			isa = PBXFrameworksBuildPhase;
			buildActionMask = 2147483647;
			files = (
				47A1D0A1C79C2ED6E2B5D752 /* Pods_ContactsApp.framework in Frameworks */,
			);
			runOnlyForDeploymentPostprocessing = 0;
		};
/* End PBXFrameworksBuildPhase section */

/* Begin PBXGroup section */
		5F77F0AE2213EE7A00147410 = {
			isa = PBXGroup;
			children = (
				5F77F0B92213EE7A00147410 /* ContactsApp */,
				5F77F0B82213EE7A00147410 /* Products */,
				9F13CD7BC14B5DD655666404 /* Pods */,
				F429AA7F00861B96AABE675E /* Frameworks */,
			);
			sourceTree = "<group>";
		};
		5F77F0B82213EE7A00147410 /* Products */ = {
			isa = PBXGroup;
			children = (
				5F77F0B72213EE7A00147410 /* ContactsApp.app */,
			);
			name = Products;
			sourceTree = "<group>";
		};
		5F77F0B92213EE7A00147410 /* ContactsApp */ = {
			isa = PBXGroup;
			children = (
				5F5BF7ED2215622800F44E4A /* ContactDetail.swift */,
				5F3C3166221549A8005CB26A /* GradientView.swift */,
				5F3C31642215474B005CB26A /* AddContactViewController.swift */,
				5F3C316222153CB8005CB26A /* ContactDetailsViewController.swift */,
				5F4CB66E221412CF0091C00A /* ContactListViewController.swift */,
				5F77F0BA2213EE7A00147410 /* AppDelegate.swift */,
				5F77F0BC2213EE7A00147410 /* ViewController.swift */,
				5F77F0BE2213EE7A00147410 /* Main.storyboard */,
				5F77F0C12213EE9B00147410 /* Assets.xcassets */,
				5F77F0C32213EE9B00147410 /* LaunchScreen.storyboard */,
				5F77F0C62213EE9B00147410 /* Info.plist */,
				5F5BF7EF2215938600F44E4A /* Constants.swift */,
				5F5BF7F12215A5A700F44E4A /* ContactListTableViewCell.swift */,
			);
			path = ContactsApp;
			sourceTree = "<group>";
		};
		9F13CD7BC14B5DD655666404 /* Pods */ = {
			isa = PBXGroup;
			children = (
				1AB052C582DBAD1EE35680A4 /* Pods-ContactsApp.debug.xcconfig */,
				C95151634AFCD65932A8B103 /* Pods-ContactsApp.release.xcconfig */,
			);
			name = Pods;
			sourceTree = "<group>";
		};
		F429AA7F00861B96AABE675E /* Frameworks */ = {
			isa = PBXGroup;
			children = (
				42EC163A75C5102A7CC743DA /* Pods_ContactsApp.framework */,
			);
			name = Frameworks;
			sourceTree = "<group>";
		};
/* End PBXGroup section */

/* Begin PBXNativeTarget section */
		5F77F0B62213EE7A00147410 /* ContactsApp */ = {
			isa = PBXNativeTarget;
			buildConfigurationList = 5F77F0C92213EE9B00147410 /* Build configuration list for PBXNativeTarget "ContactsApp" */;
			buildPhases = (
				0BE534C49AE3581BD2DF275C /* [CP] Check Pods Manifest.lock */,
				5F77F0B32213EE7A00147410 /* Sources */,
				5F77F0B42213EE7A00147410 /* Frameworks */,
				5F77F0B52213EE7A00147410 /* Resources */,
				582FF8E4A0D6FCA852B48064 /* [CP] Embed Pods Frameworks */,
			);
			buildRules = (
			);
			dependencies = (
			);
			name = ContactsApp;
			productName = ContactsApp;
			productReference = 5F77F0B72213EE7A00147410 /* ContactsApp.app */;
			productType = "com.apple.product-type.application";
		};
/* End PBXNativeTarget section */

/* Begin PBXProject section */
		5F77F0AF2213EE7A00147410 /* Project object */ = {
			isa = PBXProject;
			attributes = {
				LastSwiftUpdateCheck = 1010;
				LastUpgradeCheck = 1010;
				ORGANIZATIONNAME = Radhika;
				TargetAttributes = {
					5F77F0B62213EE7A00147410 = {
						CreatedOnToolsVersion = 10.1;
					};
				};
			};
			buildConfigurationList = 5F77F0B22213EE7A00147410 /* Build configuration list for PBXProject "ContactsApp" */;
			compatibilityVersion = "Xcode 9.3";
			developmentRegion = en;
			hasScannedForEncodings = 0;
			knownRegions = (
				en,
				Base,
			);
			mainGroup = 5F77F0AE2213EE7A00147410;
			productRefGroup = 5F77F0B82213EE7A00147410 /* Products */;
			projectDirPath = "";
			projectRoot = "";
			targets = (
				5F77F0B62213EE7A00147410 /* ContactsApp */,
			);
		};
/* End PBXProject section */

/* Begin PBXResourcesBuildPhase section */
		5F77F0B52213EE7A00147410 /* Resources */ = {
			isa = PBXResourcesBuildPhase;
			buildActionMask = 2147483647;
			files = (
				5F77F0C52213EE9B00147410 /* LaunchScreen.storyboard in Resources */,
				5F77F0C22213EE9B00147410 /* Assets.xcassets in Resources */,
				5F77F0C02213EE7A00147410 /* Main.storyboard in Resources */,
			);
			runOnlyForDeploymentPostprocessing = 0;
		};
/* End PBXResourcesBuildPhase section */

/* Begin PBXShellScriptBuildPhase section */
		0BE534C49AE3581BD2DF275C /* [CP] Check Pods Manifest.lock */ = {
			isa = PBXShellScriptBuildPhase;
			buildActionMask = 2147483647;
			files = (
			);
			inputFileListPaths = (
			);
			inputPaths = (
				"${PODS_PODFILE_DIR_PATH}/Podfile.lock",
				"${PODS_ROOT}/Manifest.lock",
			);
			name = "[CP] Check Pods Manifest.lock";
			outputFileListPaths = (
			);
			outputPaths = (
				"$(DERIVED_FILE_DIR)/Pods-ContactsApp-checkManifestLockResult.txt",
			);
			runOnlyForDeploymentPostprocessing = 0;
			shellPath = /bin/sh;
			shellScript = "diff \"${PODS_PODFILE_DIR_PATH}/Podfile.lock\" \"${PODS_ROOT}/Manifest.lock\" > /dev/null\nif [ $? != 0 ] ; then\n    # print error to STDERR\n    echo \"error: The sandbox is not in sync with the Podfile.lock. Run 'pod install' or update your CocoaPods installation.\" >&2\n    exit 1\nfi\n# This output is used by Xcode 'outputs' to avoid re-running this script phase.\necho \"SUCCESS\" > \"${SCRIPT_OUTPUT_FILE_0}\"\n";
			showEnvVarsInLog = 0;
		};
		582FF8E4A0D6FCA852B48064 /* [CP] Embed Pods Frameworks */ = {
			isa = PBXShellScriptBuildPhase;
			buildActionMask = 2147483647;
			files = (
			);
			inputFileListPaths = (
			);
			inputPaths = (
				"${SRCROOT}/Pods/Target Support Files/Pods-ContactsApp/Pods-ContactsApp-frameworks.sh",
				"${BUILT_PRODUCTS_DIR}/Alamofire/Alamofire.framework",
				"${BUILT_PRODUCTS_DIR}/Kingfisher/Kingfisher.framework",
				"${BUILT_PRODUCTS_DIR}/SwiftyJSON/SwiftyJSON.framework",
			);
			name = "[CP] Embed Pods Frameworks";
			outputFileListPaths = (
			);
			outputPaths = (
				"${TARGET_BUILD_DIR}/${FRAMEWORKS_FOLDER_PATH}/Alamofire.framework",
				"${TARGET_BUILD_DIR}/${FRAMEWORKS_FOLDER_PATH}/Kingfisher.framework",
				"${TARGET_BUILD_DIR}/${FRAMEWORKS_FOLDER_PATH}/SwiftyJSON.framework",
			);
			runOnlyForDeploymentPostprocessing = 0;
			shellPath = /bin/sh;
			shellScript = "\"${SRCROOT}/Pods/Target Support Files/Pods-ContactsApp/Pods-ContactsApp-frameworks.sh\"\n";
			showEnvVarsInLog = 0;
		};
/* End PBXShellScriptBuildPhase section */

/* Begin PBXSourcesBuildPhase section */
		5F77F0B32213EE7A00147410 /* Sources */ = {
			isa = PBXSourcesBuildPhase;
			buildActionMask = 2147483647;
			files = (
				5F5BF7EE2215622800F44E4A /* ContactDetail.swift in Sources */,
				5F5BF7F22215A5A700F44E4A /* ContactListTableViewCell.swift in Sources */,
				5F3C31652215474B005CB26A /* AddContactViewController.swift in Sources */,
				5F77F0BD2213EE7A00147410 /* ViewController.swift in Sources */,
				5F3C3167221549A8005CB26A /* GradientView.swift in Sources */,
				5F77F0BB2213EE7A00147410 /* AppDelegate.swift in Sources */,
				5F3C316322153CB9005CB26A /* ContactDetailsViewController.swift in Sources */,
				5F4CB66F221412CF0091C00A /* ContactListViewController.swift in Sources */,
				5F5BF7F02215938600F44E4A /* Constants.swift in Sources */,
			);
			runOnlyForDeploymentPostprocessing = 0;
		};
/* End PBXSourcesBuildPhase section */

/* Begin PBXVariantGroup section */
		5F77F0BE2213EE7A00147410 /* Main.storyboard */ = {
			isa = PBXVariantGroup;
			children = (
				5F77F0BF2213EE7A00147410 /* Base */,
			);
			name = Main.storyboard;
			sourceTree = "<group>";
		};
		5F77F0C32213EE9B00147410 /* LaunchScreen.storyboard */ = {
			isa = PBXVariantGroup;
			children = (
				5F77F0C42213EE9B00147410 /* Base */,
			);
			name = LaunchScreen.storyboard;
			sourceTree = "<group>";
		};
/* End PBXVariantGroup section */

/* Begin XCBuildConfiguration section */
		5F77F0C72213EE9B00147410 /* Debug */ = {
			isa = XCBuildConfiguration;
			buildSettings = {
				ALWAYS_SEARCH_USER_PATHS = NO;
				CLANG_ANALYZER_NONNULL = YES;
				CLANG_ANALYZER_NUMBER_OBJECT_CONVERSION = YES_AGGRESSIVE;
				CLANG_CXX_LANGUAGE_STANDARD = "gnu++14";
				CLANG_CXX_LIBRARY = "libc++";
				CLANG_ENABLE_MODULES = YES;
				CLANG_ENABLE_OBJC_ARC = YES;
				CLANG_ENABLE_OBJC_WEAK = YES;
				CLANG_WARN_BLOCK_CAPTURE_AUTORELEASING = YES;
				CLANG_WARN_BOOL_CONVERSION = YES;
				CLANG_WARN_COMMA = YES;
				CLANG_WARN_CONSTANT_CONVERSION = YES;
				CLANG_WARN_DEPRECATED_OBJC_IMPLEMENTATIONS = YES;
				CLANG_WARN_DIRECT_OBJC_ISA_USAGE = YES_ERROR;
				CLANG_WARN_DOCUMENTATION_COMMENTS = YES;
				CLANG_WARN_EMPTY_BODY = YES;
				CLANG_WARN_ENUM_CONVERSION = YES;
				CLANG_WARN_INFINITE_RECURSION = YES;
				CLANG_WARN_INT_CONVERSION = YES;
				CLANG_WARN_NON_LITERAL_NULL_CONVERSION = YES;
				CLANG_WARN_OBJC_IMPLICIT_RETAIN_SELF = YES;
				CLANG_WARN_OBJC_LITERAL_CONVERSION = YES;
				CLANG_WARN_OBJC_ROOT_CLASS = YES_ERROR;
				CLANG_WARN_RANGE_LOOP_ANALYSIS = YES;
				CLANG_WARN_STRICT_PROTOTYPES = YES;
				CLANG_WARN_SUSPICIOUS_MOVE = YES;
				CLANG_WARN_UNGUARDED_AVAILABILITY = YES_AGGRESSIVE;
				CLANG_WARN_UNREACHABLE_CODE = YES;
				CLANG_WARN__DUPLICATE_METHOD_MATCH = YES;
				CODE_SIGN_IDENTITY = "iPhone Developer";
				COPY_PHASE_STRIP = NO;
				DEBUG_INFORMATION_FORMAT = dwarf;
				ENABLE_STRICT_OBJC_MSGSEND = YES;
				ENABLE_TESTABILITY = YES;
				GCC_C_LANGUAGE_STANDARD = gnu11;
				GCC_DYNAMIC_NO_PIC = NO;
				GCC_NO_COMMON_BLOCKS = YES;
				GCC_OPTIMIZATION_LEVEL = 0;
				GCC_PREPROCESSOR_DEFINITIONS = (
					"DEBUG=1",
					"$(inherited)",
				);
				GCC_WARN_64_TO_32_BIT_CONVERSION = YES;
				GCC_WARN_ABOUT_RETURN_TYPE = YES_ERROR;
				GCC_WARN_UNDECLARED_SELECTOR = YES;
				GCC_WARN_UNINITIALIZED_AUTOS = YES_AGGRESSIVE;
				GCC_WARN_UNUSED_FUNCTION = YES;
				GCC_WARN_UNUSED_VARIABLE = YES;
				IPHONEOS_DEPLOYMENT_TARGET = 12.1;
				MTL_ENABLE_DEBUG_INFO = INCLUDE_SOURCE;
				MTL_FAST_MATH = YES;
				ONLY_ACTIVE_ARCH = YES;
				SDKROOT = iphoneos;
				SWIFT_ACTIVE_COMPILATION_CONDITIONS = DEBUG;
				SWIFT_OPTIMIZATION_LEVEL = "-Onone";
			};
			name = Debug;
		};
		5F77F0C82213EE9B00147410 /* Release */ = {
			isa = XCBuildConfiguration;
			buildSettings = {
				ALWAYS_SEARCH_USER_PATHS = NO;
				CLANG_ANALYZER_NONNULL = YES;
				CLANG_ANALYZER_NUMBER_OBJECT_CONVERSION = YES_AGGRESSIVE;
				CLANG_CXX_LANGUAGE_STANDARD = "gnu++14";
				CLANG_CXX_LIBRARY = "libc++";
				CLANG_ENABLE_MODULES = YES;
				CLANG_ENABLE_OBJC_ARC = YES;
				CLANG_ENABLE_OBJC_WEAK = YES;
				CLANG_WARN_BLOCK_CAPTURE_AUTORELEASING = YES;
				CLANG_WARN_BOOL_CONVERSION = YES;
				CLANG_WARN_COMMA = YES;
				CLANG_WARN_CONSTANT_CONVERSION = YES;
				CLANG_WARN_DEPRECATED_OBJC_IMPLEMENTATIONS = YES;
				CLANG_WARN_DIRECT_OBJC_ISA_USAGE = YES_ERROR;
				CLANG_WARN_DOCUMENTATION_COMMENTS = YES;
				CLANG_WARN_EMPTY_BODY = YES;
				CLANG_WARN_ENUM_CONVERSION = YES;
				CLANG_WARN_INFINITE_RECURSION = YES;
				CLANG_WARN_INT_CONVERSION = YES;
				CLANG_WARN_NON_LITERAL_NULL_CONVERSION = YES;
				CLANG_WARN_OBJC_IMPLICIT_RETAIN_SELF = YES;
				CLANG_WARN_OBJC_LITERAL_CONVERSION = YES;
				CLANG_WARN_OBJC_ROOT_CLASS = YES_ERROR;
				CLANG_WARN_RANGE_LOOP_ANALYSIS = YES;
				CLANG_WARN_STRICT_PROTOTYPES = YES;
				CLANG_WARN_SUSPICIOUS_MOVE = YES;
				CLANG_WARN_UNGUARDED_AVAILABILITY = YES_AGGRESSIVE;
				CLANG_WARN_UNREACHABLE_CODE = YES;
				CLANG_WARN__DUPLICATE_METHOD_MATCH = YES;
				CODE_SIGN_IDENTITY = "iPhone Developer";
				COPY_PHASE_STRIP = NO;
				DEBUG_INFORMATION_FORMAT = "dwarf-with-dsym";
				ENABLE_NS_ASSERTIONS = NO;
				ENABLE_STRICT_OBJC_MSGSEND = YES;
				GCC_C_LANGUAGE_STANDARD = gnu11;
				GCC_NO_COMMON_BLOCKS = YES;
				GCC_WARN_64_TO_32_BIT_CONVERSION = YES;
				GCC_WARN_ABOUT_RETURN_TYPE = YES_ERROR;
				GCC_WARN_UNDECLARED_SELECTOR = YES;
				GCC_WARN_UNINITIALIZED_AUTOS = YES_AGGRESSIVE;
				GCC_WARN_UNUSED_FUNCTION = YES;
				GCC_WARN_UNUSED_VARIABLE = YES;
				IPHONEOS_DEPLOYMENT_TARGET = 12.1;
				MTL_ENABLE_DEBUG_INFO = NO;
				MTL_FAST_MATH = YES;
				SDKROOT = iphoneos;
				SWIFT_COMPILATION_MODE = wholemodule;
				SWIFT_OPTIMIZATION_LEVEL = "-O";
				VALIDATE_PRODUCT = YES;
			};
			name = Release;
		};
		5F77F0CA2213EE9B00147410 /* Debug */ = {
			isa = XCBuildConfiguration;
			baseConfigurationReference = 1AB052C582DBAD1EE35680A4 /* Pods-ContactsApp.debug.xcconfig */;
			buildSettings = {
				ASSETCATALOG_COMPILER_APPICON_NAME = AppIcon;
				CODE_SIGN_STYLE = Automatic;
				INFOPLIST_FILE = ContactsApp/Info.plist;
				LD_RUNPATH_SEARCH_PATHS = (
					"$(inherited)",
					"@executable_path/Frameworks",
				);
				PRODUCT_BUNDLE_IDENTIFIER = test.ContactsApp;
				PRODUCT_NAME = "$(TARGET_NAME)";
				SWIFT_VERSION = 4.2;
				TARGETED_DEVICE_FAMILY = "1,2";
			};
			name = Debug;
		};
		5F77F0CB2213EE9B00147410 /* Release */ = {
			isa = XCBuildConfiguration;
			baseConfigurationReference = C95151634AFCD65932A8B103 /* Pods-ContactsApp.release.xcconfig */;
			buildSettings = {
				ASSETCATALOG_COMPILER_APPICON_NAME = AppIcon;
				CODE_SIGN_STYLE = Automatic;
				INFOPLIST_FILE = ContactsApp/Info.plist;
				LD_RUNPATH_SEARCH_PATHS = (
					"$(inherited)",
					"@executable_path/Frameworks",
				);
				PRODUCT_BUNDLE_IDENTIFIER = test.ContactsApp;
				PRODUCT_NAME = "$(TARGET_NAME)";
				SWIFT_VERSION = 4.2;
				TARGETED_DEVICE_FAMILY = "1,2";
			};
			name = Release;
		};
/* End XCBuildConfiguration section */

/* Begin XCConfigurationList section */
		5F77F0B22213EE7A00147410 /* Build configuration list for PBXProject "ContactsApp" */ = {
			isa = XCConfigurationList;
			buildConfigurations = (
				5F77F0C72213EE9B00147410 /* Debug */,
				5F77F0C82213EE9B00147410 /* Release */,
			);
			defaultConfigurationIsVisible = 0;
			defaultConfigurationName = Release;
		};
		5F77F0C92213EE9B00147410 /* Build configuration list for PBXNativeTarget "ContactsApp" */ = {
			isa = XCConfigurationList;
			buildConfigurations = (
				5F77F0CA2213EE9B00147410 /* Debug */,
				5F77F0CB2213EE9B00147410 /* Release */,
			);
			defaultConfigurationIsVisible = 0;
			defaultConfigurationName = Release;
		};
/* End XCConfigurationList section */
	};
	rootObject = 5F77F0AF2213EE7A00147410 /* Project object */;
}
